
Microsoft Visual Studio Solution File, Format Version 12.00
# Visual Studio 15
VisualStudioVersion = 15.0.28307.705
MinimumVisualStudioVersion = 10.0.40219.1
Project("{FAE04EC0-301F-11D3-BF4B-00C04F79EFBC}") = "CopyFiles", "CopyFiles\CopyFiles.csproj", "{BACE2C5E-6520-4008-9192-2CD4E1A3351E}"
EndProject
Global
	GlobalSection(SolutionConfigurationPlatforms) = preSolution
		Debug|Any CPU = Debug|Any CPU
		Release|Any CPU = Release|Any CPU
	EndGlobalSection
	GlobalSection(ProjectConfigurationPlatforms) = postSolution
		{BACE2C5E-6520-4008-9192-2CD4E1A3351E}.Debug|Any CPU.ActiveCfg = Debug|Any CPU
		{BACE2C5E-6520-4008-9192-2CD4E1A3351E}.Debug|Any CPU.Build.0 = Debug|Any CPU
		{BACE2C5E-6520-4008-9192-2CD4E1A3351E}.Release|Any CPU.ActiveCfg = Release|Any CPU
		{BACE2C5E-6520-4008-9192-2CD4E1A3351E}.Release|Any CPU.Build.0 = Release|Any CPU
	EndGlobalSection
	GlobalSection(SolutionProperties) = preSolution
		HideSolutionNode = FALSE
	EndGlobalSection
	GlobalSection(ExtensibilityGlobals) = postSolution
		SolutionGuid = {5E771436-F7E0-4416-9492-5B9281AC4D16}
	EndGlobalSection
EndGlobal
